
Microsoft Visual Studio Solution File, Format Version 12.00
# Visual Studio Version 17
VisualStudioVersion = 17.7.34031.279
MinimumVisualStudioVersion = 10.0.40219.1
Project("{9A19103F-16F7-4668-BE54-9A1E7A4F7556}") = "JanssenIo.ReviewBot.Replies", "JanssenIo.ReviewBot.Replies\JanssenIo.ReviewBot.Replies.csproj", "{A835A310-D11E-4CF3-B70D-55C03959D38E}"
EndProject
Project("{9A19103F-16F7-4668-BE54-9A1E7A4F7556}") = "JanssenIo.ReviewBot.ArchiveParser", "JanssenIo.ReviewBot.ArchiveParser\JanssenIo.ReviewBot.ArchiveParser.csproj", "{D11E3B34-3979-4A73-8F7C-ACDF9C0271D7}"
EndProject
Project("{9A19103F-16F7-4668-BE54-9A1E7A4F7556}") = "TokenRetriever", "TokenRetriever\TokenRetriever.csproj", "{5670C66B-4EE8-4A8F-8D3E-21C65E2D4813}"
EndProject
Project("{9A19103F-16F7-4668-BE54-9A1E7A4F7556}") = "JanssenIo.ReviewBot.Tests", "JanssenIo.ReviewBot.Tests\JanssenIo.ReviewBot.Tests.csproj", "{F152CCDE-C115-4207-BAC4-BCFC25C607BC}"
EndProject
Project("{9A19103F-16F7-4668-BE54-9A1E7A4F7556}") = "JanssenIo.ReviewBot.Azure", "JanssenIo.ReviewBot.Azure\JanssenIo.ReviewBot.Azure.csproj", "{6BCF68D1-3C73-4865-AC90-5D616DA8F3B8}"
EndProject
Project("{9A19103F-16F7-4668-BE54-9A1E7A4F7556}") = "JanssenIo.ReviewBot.Core", "JanssenIo.ReviewBot.Core\JanssenIo.ReviewBot.Core.csproj", "{2C9D5B1F-459B-4B01-8F61-897F7E11A8AF}"
EndProject
Project("{9A19103F-16F7-4668-BE54-9A1E7A4F7556}") = "JanssenIo.ReviewBot.Functions", "JanssenIo.ReviewBot.Functions\JanssenIo.ReviewBot.Functions.csproj", "{063C9451-33B1-425A-A137-8720617A8E46}"
EndProject
Global
	GlobalSection(SolutionConfigurationPlatforms) = preSolution
		Debug|Any CPU = Debug|Any CPU
		Release|Any CPU = Release|Any CPU
	EndGlobalSection
	GlobalSection(ProjectConfigurationPlatforms) = postSolution
		{A835A310-D11E-4CF3-B70D-55C03959D38E}.Debug|Any CPU.ActiveCfg = Debug|Any CPU
		{A835A310-D11E-4CF3-B70D-55C03959D38E}.Debug|Any CPU.Build.0 = Debug|Any CPU
		{A835A310-D11E-4CF3-B70D-55C03959D38E}.Release|Any CPU.ActiveCfg = Release|Any CPU
		{A835A310-D11E-4CF3-B70D-55C03959D38E}.Release|Any CPU.Build.0 = Release|Any CPU
		{D11E3B34-3979-4A73-8F7C-ACDF9C0271D7}.Debug|Any CPU.ActiveCfg = Debug|Any CPU
		{D11E3B34-3979-4A73-8F7C-ACDF9C0271D7}.Debug|Any CPU.Build.0 = Debug|Any CPU
		{D11E3B34-3979-4A73-8F7C-ACDF9C0271D7}.Release|Any CPU.ActiveCfg = Release|Any CPU
		{D11E3B34-3979-4A73-8F7C-ACDF9C0271D7}.Release|Any CPU.Build.0 = Release|Any CPU
		{5670C66B-4EE8-4A8F-8D3E-21C65E2D4813}.Debug|Any CPU.ActiveCfg = Debug|Any CPU
		{5670C66B-4EE8-4A8F-8D3E-21C65E2D4813}.Debug|Any CPU.Build.0 = Debug|Any CPU
		{5670C66B-4EE8-4A8F-8D3E-21C65E2D4813}.Release|Any CPU.ActiveCfg = Release|Any CPU
		{5670C66B-4EE8-4A8F-8D3E-21C65E2D4813}.Release|Any CPU.Build.0 = Release|Any CPU
		{F152CCDE-C115-4207-BAC4-BCFC25C607BC}.Debug|Any CPU.ActiveCfg = Debug|Any CPU
		{F152CCDE-C115-4207-BAC4-BCFC25C607BC}.Debug|Any CPU.Build.0 = Debug|Any CPU
		{F152CCDE-C115-4207-BAC4-BCFC25C607BC}.Release|Any CPU.ActiveCfg = Release|Any CPU
		{F152CCDE-C115-4207-BAC4-BCFC25C607BC}.Release|Any CPU.Build.0 = Release|Any CPU
		{6BCF68D1-3C73-4865-AC90-5D616DA8F3B8}.Debug|Any CPU.ActiveCfg = Debug|Any CPU
		{6BCF68D1-3C73-4865-AC90-5D616DA8F3B8}.Debug|Any CPU.Build.0 = Debug|Any CPU
		{6BCF68D1-3C73-4865-AC90-5D616DA8F3B8}.Release|Any CPU.ActiveCfg = Release|Any CPU
		{6BCF68D1-3C73-4865-AC90-5D616DA8F3B8}.Release|Any CPU.Build.0 = Release|Any CPU
		{2C9D5B1F-459B-4B01-8F61-897F7E11A8AF}.Debug|Any CPU.ActiveCfg = Debug|Any CPU
		{2C9D5B1F-459B-4B01-8F61-897F7E11A8AF}.Debug|Any CPU.Build.0 = Debug|Any CPU
		{2C9D5B1F-459B-4B01-8F61-897F7E11A8AF}.Release|Any CPU.ActiveCfg = Release|Any CPU
		{2C9D5B1F-459B-4B01-8F61-897F7E11A8AF}.Release|Any CPU.Build.0 = Release|Any CPU
		{063C9451-33B1-425A-A137-8720617A8E46}.Debug|Any CPU.ActiveCfg = Debug|Any CPU
		{063C9451-33B1-425A-A137-8720617A8E46}.Debug|Any CPU.Build.0 = Debug|Any CPU
		{063C9451-33B1-425A-A137-8720617A8E46}.Release|Any CPU.ActiveCfg = Release|Any CPU
		{063C9451-33B1-425A-A137-8720617A8E46}.Release|Any CPU.Build.0 = Release|Any CPU
	EndGlobalSection
	GlobalSection(SolutionProperties) = preSolution
		HideSolutionNode = FALSE
	EndGlobalSection
	GlobalSection(ExtensibilityGlobals) = postSolution
		SolutionGuid = {EEFFA679-BFFD-4D73-B9D2-D22F8C012C82}
	EndGlobalSection
EndGlobal
